
Microsoft Visual Studio Solution File, Format Version 12.00
# Visual Studio Version 17
VisualStudioVersion = 17.8.34004.107
MinimumVisualStudioVersion = 10.0.40219.1
Project("{9A19103F-16F7-4668-BE54-9A1E7A4F7556}") = "NumberToTextConverter.Core", "NumberToTextConverter.Core\NumberToTextConverter.Core.csproj", "{A43811D1-2E7A-4CC1-9B19-E79CEA40490B}"
EndProject
Project("{9A19103F-16F7-4668-BE54-9A1E7A4F7556}") = "NumberToTextConverter.Test", "NumberToTextConverter.Test\NumberToTextConverter.Test.csproj", "{3424078E-1080-4EC6-B85F-F6517F33B4FE}"
EndProject
Project("{9A19103F-16F7-4668-BE54-9A1E7A4F7556}") = "NumberToTextConverter.Console.App", "NumberToTextConverter.Console.App\NumberToTextConverter.Console.App.csproj", "{F940DCCF-4432-4FAE-AD48-D3D074C26930}"
EndProject
Project("{FAE04EC0-301F-11D3-BF4B-00C04F79EFBC}") = "NumberToTextConverter.Desktop.App", "NumberToTextConverter.Desktop.App\NumberToTextConverter.Desktop.App.csproj", "{5B999517-11B4-483E-99BB-72C36BA326F4}"
EndProject
Global
	GlobalSection(SolutionConfigurationPlatforms) = preSolution
		Debug|Any CPU = Debug|Any CPU
		Release|Any CPU = Release|Any CPU
	EndGlobalSection
	GlobalSection(ProjectConfigurationPlatforms) = postSolution
		{A43811D1-2E7A-4CC1-9B19-E79CEA40490B}.Debug|Any CPU.ActiveCfg = Debug|Any CPU
		{A43811D1-2E7A-4CC1-9B19-E79CEA40490B}.Debug|Any CPU.Build.0 = Debug|Any CPU
		{A43811D1-2E7A-4CC1-9B19-E79CEA40490B}.Release|Any CPU.ActiveCfg = Release|Any CPU
		{A43811D1-2E7A-4CC1-9B19-E79CEA40490B}.Release|Any CPU.Build.0 = Release|Any CPU
		{3424078E-1080-4EC6-B85F-F6517F33B4FE}.Debug|Any CPU.ActiveCfg = Debug|Any CPU
		{3424078E-1080-4EC6-B85F-F6517F33B4FE}.Debug|Any CPU.Build.0 = Debug|Any CPU
		{3424078E-1080-4EC6-B85F-F6517F33B4FE}.Release|Any CPU.ActiveCfg = Release|Any CPU
		{3424078E-1080-4EC6-B85F-F6517F33B4FE}.Release|Any CPU.Build.0 = Release|Any CPU
		{F940DCCF-4432-4FAE-AD48-D3D074C26930}.Debug|Any CPU.ActiveCfg = Debug|Any CPU
		{F940DCCF-4432-4FAE-AD48-D3D074C26930}.Debug|Any CPU.Build.0 = Debug|Any CPU
		{F940DCCF-4432-4FAE-AD48-D3D074C26930}.Release|Any CPU.ActiveCfg = Release|Any CPU
		{F940DCCF-4432-4FAE-AD48-D3D074C26930}.Release|Any CPU.Build.0 = Release|Any CPU
		{5B999517-11B4-483E-99BB-72C36BA326F4}.Debug|Any CPU.ActiveCfg = Debug|Any CPU
		{5B999517-11B4-483E-99BB-72C36BA326F4}.Debug|Any CPU.Build.0 = Debug|Any CPU
		{5B999517-11B4-483E-99BB-72C36BA326F4}.Release|Any CPU.ActiveCfg = Release|Any CPU
		{5B999517-11B4-483E-99BB-72C36BA326F4}.Release|Any CPU.Build.0 = Release|Any CPU
	EndGlobalSection
	GlobalSection(SolutionProperties) = preSolution
		HideSolutionNode = FALSE
	EndGlobalSection
	GlobalSection(ExtensibilityGlobals) = postSolution
		SolutionGuid = {A40127BC-303F-449E-A5F6-02CC5F0AB802}
	EndGlobalSection
EndGlobal
